<?xml version="1.0" encoding="utf-8"?>
<Project ToolsVersion="4.0" xmlns="http://schemas.microsoft.com/developer/msbuild/2003">
  <ItemGroup>
    <Filter Include="Source Files">
      <UniqueIdentifier>{4FC737F1-C7A5-4376-A066-2A32D752A2FF}</UniqueIdentifier>
      <Extensions>cpp;c;cc;cxx;def;odl;idl;hpj;bat;asm;asmx</Extensions>
    </Filter>
    <Filter Include="Header Files">
      <UniqueIdentifier>{93995380-89BD-4b04-88EB-625FBE52EBFB}</UniqueIdentifier>
      <Extensions>h;hh;hpp;hxx;hm;inl;inc;xsd</Extensions>
    </Filter>
    <Filter Include="Resource Files">
      <UniqueIdentifier>{67DA6AB6-F800-4c08-8B7A-83BB121AAD01}</UniqueIdentifier>
      <Extensions>rc;ico;cur;bmp;dlg;rc2;rct;bin;rgs;gif;jpg;jpeg;jpe;resx;tiff;tif;png;wav;mfcribbon-ms</Extensions>
    </Filter>
  </ItemGroup>
  <ItemGroup>
    <ClCompile Include="..\game.cpp">
      <Filter>Source Files</Filter>
    </ClCompile>
    <ClCompile Include="..\DungeonHero.cpp">
      <Filter>Source Files</Filter>
    </ClCompile>
    <ClCompile Include="..\Bullet.cpp">
      <Filter>Source Files</Filter>
    </ClCompile>
    <ClCompile Include="..\Fireball.cpp">
      <Filter>Source Files</Filter>
    </ClCompile>
    <ClCompile Include="..\Goblin.cpp">
      <Filter>Source Files</Filter>
    </ClCompile>
    <ClCompile Include="..\Map.cpp">
      <Filter>Source Files</Filter>
    </ClCompile>
    <ClCompile Include="..\BulletPickup.cpp">
      <Filter>Source Files</Filter>
    </ClCompile>
    <ClCompile Include="..\FireballPickup.cpp">
      <Filter>Source Files</Filter>
    </ClCompile>
    <ClCompile Include="..\HealthPickup.cpp">
      <Filter>Source Files</Filter>
    </ClCompile>
    <ClCompile Include="..\Equipped.cpp">
      <Filter>Source Files</Filter>
    </ClCompile>
    <ClCompile Include="..\StringEvent.cpp">
      <Filter>Source Files</Filter>
    </ClCompile>
    <ClCompile Include="..\GameUtility.cpp">
      <Filter>Source Files</Filter>
    </ClCompile>
    <ClCompile Include="..\Reticle.cpp">
      <Filter>Source Files</Filter>
    </ClCompile>
    <ClCompile Include="..\Boss.cpp">
      <Filter>Source Files</Filter>
    </ClCompile>
    <ClCompile Include="..\GameOver.cpp">
      <Filter>Source Files</Filter>
    </ClCompile>
    <ClCompile Include="..\GameStart.cpp">
      <Filter>Source Files</Filter>
    </ClCompile>
  </ItemGroup>
  <ItemGroup>
    <ClInclude Include="..\DungeonHero.h">
      <Filter>Header Files</Filter>
    </ClInclude>
    <ClInclude Include="..\Bullet.h">
      <Filter>Header Files</Filter>
    </ClInclude>
    <ClInclude Include="..\Fireball.h">
      <Filter>Header Files</Filter>
    </ClInclude>
    <ClInclude Include="..\Goblin.h">
      <Filter>Header Files</Filter>
    </ClInclude>
    <ClInclude Include="..\Map.h">
      <Filter>Header Files</Filter>
    </ClInclude>
    <ClInclude Include="..\BulletPickup.h">
      <Filter>Header Files</Filter>
    </ClInclude>
    <ClInclude Include="..\FireballPickup.h">
      <Filter>Header Files</Filter>
    </ClInclude>
    <ClInclude Include="..\HealthPickup.h">
      <Filter>Header Files</Filter>
    </ClInclude>
    <ClInclude Include="..\Equipped.h">
      <Filter>Header Files</Filter>
    </ClInclude>
    <ClInclude Include="..\StringEvent.h">
      <Filter>Header Files</Filter>
    </ClInclude>
    <ClInclude Include="..\GameUtility.h">
      <Filter>Header Files</Filter>
    </ClInclude>
    <ClInclude Include="..\Reticle.h">
      <Filter>Header Files</Filter>
    </ClInclude>
    <ClInclude Include="..\Boss.h">
      <Filter>Header Files</Filter>
    </ClInclude>
    <ClInclude Include="..\GameOver.h">
      <Filter>Header Files</Filter>
    </ClInclude>
    <ClInclude Include="PlayerEvent.h">
      <Filter>Header Files</Filter>
    </ClInclude>
  </ItemGroup>
  <ItemGroup>
    <None Include="PlayerEvent.cpp">
      <Filter>Source Files</Filter>
    </None>
  </ItemGroup>
</Project>